
Microsoft Visual Studio Solution File, Format Version 12.00
# Visual Studio Version 16
VisualStudioVersion = 16.0.30128.74
MinimumVisualStudioVersion = 10.0.40219.1
Project("{9A19103F-16F7-4668-BE54-9A1E7A4F7556}") = "Market_Api", "Market_Api.csproj", "{BF28E47B-6EA4-4BA4-B024-A1055D9B9554}"
EndProject
Global
	GlobalSection(SolutionConfigurationPlatforms) = preSolution
		Debug|Any CPU = Debug|Any CPU
		Release|Any CPU = Release|Any CPU
	EndGlobalSection
	GlobalSection(ProjectConfigurationPlatforms) = postSolution
		{BF28E47B-6EA4-4BA4-B024-A1055D9B9554}.Debug|Any CPU.ActiveCfg = Debug|Any CPU
		{BF28E47B-6EA4-4BA4-B024-A1055D9B9554}.Debug|Any CPU.Build.0 = Debug|Any CPU
		{BF28E47B-6EA4-4BA4-B024-A1055D9B9554}.Release|Any CPU.ActiveCfg = Release|Any CPU
		{BF28E47B-6EA4-4BA4-B024-A1055D9B9554}.Release|Any CPU.Build.0 = Release|Any CPU
	EndGlobalSection
	GlobalSection(SolutionProperties) = preSolution
		HideSolutionNode = FALSE
	EndGlobalSection
	GlobalSection(ExtensibilityGlobals) = postSolution
		SolutionGuid = {2BCC1981-62C3-484F-AB6C-524ECCCAF6D4}
	EndGlobalSection
EndGlobal
